{
  "name": "fable-example",
  "version": "0.0.1",
  "lockfileVersion": 2,
  "requires": true,
  "packages": {
    "": {
      "name": "fable-example",
      "version": "0.0.1",
      "license": "ISC",
      "dependencies": {
        "@oxide/fable": "file:../../",
        "react": "^18.2.0",
        "react-dom": "^18.2.0",
        "zod": "^3.20.6"
      }
    },
    "../..": {
      "name": "@oxide/fable",
      "version": "0.0.0",
      "dependencies": {
        "highlight.js": "^11.7.0",
        "marked": "^4.2.12",
        "mousetrap": "^1.6.5",
        "postcss-import": "^15.1.0",
        "zod": "^3.20.6"
      },
      "devDependencies": {
        "@oxide/design-system": "^0.8.0",
        "@trivago/prettier-plugin-sort-imports": "^4.0.0",
        "@types/marked": "^4.0.8",
        "@types/mousetrap": "^1.6.11",
        "@types/node": "^18.14.0",
        "@types/react": "^18.0.27",
        "@types/react-dom": "^18.0.10",
        "@vitejs/plugin-react": "^3.1.0",
        "autoprefixer": "^10.4.13",
        "chokidar": "^3.5.3",
        "npm-run-all": "^4.1.5",
        "postcss": "^8.4.21",
        "postcss-cli": "^10.1.0",
        "prettier": "^2.8.4",
        "react": "^18.2.0",
        "react-dom": "^18.2.0",
        "tailwindcss": "^3.2.7",
        "typescript": "^4.9.3",
        "vite": "^4.1.0",
        "vite-plugin-toml": "^0.5.0"
      }
    },
    "node_modules/@oxide/fable": {
      "resolved": "../..",
      "link": true
    },
    "node_modules/js-tokens": {
      "version": "4.0.0",
      "resolved": "https://registry.npmjs.org/js-tokens/-/js-tokens-4.0.0.tgz",
      "integrity": "sha512-RdJUflcE3cUzKiMqQgsCu06FPu9UdIJO0beYbPhHN4k6apgJtifcoCtT9bcxOpYBtpD2kCM6Sbzg4CausW/PKQ=="
    },
    "node_modules/loose-envify": {
      "version": "1.4.0",
      "resolved": "https://registry.npmjs.org/loose-envify/-/loose-envify-1.4.0.tgz",
      "integrity": "sha512-lyuxPGr/Wfhrlem2CL/UcnUc1zcqKAImBDzukY7Y5F/yQiNdko6+fRLevlw1HgMySw7f611UIY408EtxRSoK3Q==",
      "dependencies": {
        "js-tokens": "^3.0.0 || ^4.0.0"
      },
      "bin": {
        "loose-envify": "cli.js"
      }
    },
    "node_modules/react": {
      "version": "18.2.0",
      "resolved": "https://registry.npmjs.org/react/-/react-18.2.0.tgz",
      "integrity": "sha512-/3IjMdb2L9QbBdWiW5e3P2/npwMBaU9mHCSCUzNln0ZCYbcfTsGbTJrU/kGemdH2IWmB2ioZ+zkxtmq6g09fGQ==",
      "dependencies": {
        "loose-envify": "^1.1.0"
      },
      "engines": {
        "node": ">=0.10.0"
      }
    },
    "node_modules/react-dom": {
      "version": "18.2.0",
      "resolved": "https://registry.npmjs.org/react-dom/-/react-dom-18.2.0.tgz",
      "integrity": "sha512-6IMTriUmvsjHUjNtEDudZfuDQUoWXVxKHhlEGSk81n4YFS+r/Kl99wXiwlVXtPBtJenozv2P+hxDsw9eA7Xo6g==",
      "dependencies": {
        "loose-envify": "^1.1.0",
        "scheduler": "^0.23.0"
      },
      "peerDependencies": {
        "react": "^18.2.0"
      }
    },
    "node_modules/scheduler": {
      "version": "0.23.0",
      "resolved": "https://registry.npmjs.org/scheduler/-/scheduler-0.23.0.tgz",
      "integrity": "sha512-CtuThmgHNg7zIZWAXi3AsyIzA3n4xx7aNyjwC2VJldO2LMVDhFK+63xGqq6CsJH4rTAt6/M+N4GhZiDYPx9eUw==",
      "dependencies": {
        "loose-envify": "^1.1.0"
      }
    },
    "node_modules/zod": {
      "version": "3.20.6",
      "resolved": "https://registry.npmjs.org/zod/-/zod-3.20.6.tgz",
      "integrity": "sha512-oyu0m54SGCtzh6EClBVqDDlAYRz4jrVtKwQ7ZnsEmMI9HnzuZFj8QFwAY1M5uniIYACdGvv0PBWPF2kO0aNofA==",
      "funding": {
        "url": "https://github.com/sponsors/colinhacks"
      }
    }
  },
  "dependencies": {
    "@oxide/fable": {
      "version": "file:../..",
      "requires": {
        "@oxide/design-system": "^0.8.0",
        "@trivago/prettier-plugin-sort-imports": "^4.0.0",
        "@types/marked": "^4.0.8",
        "@types/mousetrap": "^1.6.11",
        "@types/node": "^18.14.0",
        "@types/react": "^18.0.27",
        "@types/react-dom": "^18.0.10",
        "@vitejs/plugin-react": "^3.1.0",
        "autoprefixer": "^10.4.13",
        "chokidar": "^3.5.3",
        "highlight.js": "^11.7.0",
        "marked": "^4.2.12",
        "mousetrap": "^1.6.5",
        "npm-run-all": "^4.1.5",
        "postcss": "^8.4.21",
        "postcss-cli": "^10.1.0",
        "postcss-import": "^15.1.0",
        "prettier": "^2.8.4",
        "react": "^18.2.0",
        "react-dom": "^18.2.0",
        "tailwindcss": "^3.2.7",
        "typescript": "^4.9.3",
        "vite": "^4.1.0",
        "vite-plugin-toml": "^0.5.0",
        "zod": "^3.20.6"
      }
    },
    "js-tokens": {
      "version": "4.0.0",
      "resolved": "https://registry.npmjs.org/js-tokens/-/js-tokens-4.0.0.tgz",
      "integrity": "sha512-RdJUflcE3cUzKiMqQgsCu06FPu9UdIJO0beYbPhHN4k6apgJtifcoCtT9bcxOpYBtpD2kCM6Sbzg4CausW/PKQ=="
    },
    "loose-envify": {
      "version": "1.4.0",
      "resolved": "https://registry.npmjs.org/loose-envify/-/loose-envify-1.4.0.tgz",
      "integrity": "sha512-lyuxPGr/Wfhrlem2CL/UcnUc1zcqKAImBDzukY7Y5F/yQiNdko6+fRLevlw1HgMySw7f611UIY408EtxRSoK3Q==",
      "requires": {
        "js-tokens": "^3.0.0 || ^4.0.0"
      }
    },
    "react": {
      "version": "18.2.0",
      "resolved": "https://registry.npmjs.org/react/-/react-18.2.0.tgz",
      "integrity": "sha512-/3IjMdb2L9QbBdWiW5e3P2/npwMBaU9mHCSCUzNln0ZCYbcfTsGbTJrU/kGemdH2IWmB2ioZ+zkxtmq6g09fGQ==",
      "requires": {
        "loose-envify": "^1.1.0"
      }
    },
    "react-dom": {
      "version": "18.2.0",
      "resolved": "https://registry.npmjs.org/react-dom/-/react-dom-18.2.0.tgz",
      "integrity": "sha512-6IMTriUmvsjHUjNtEDudZfuDQUoWXVxKHhlEGSk81n4YFS+r/Kl99wXiwlVXtPBtJenozv2P+hxDsw9eA7Xo6g==",
      "requires": {
        "loose-envify": "^1.1.0",
        "scheduler": "^0.23.0"
      }
    },
    "scheduler": {
      "version": "0.23.0",
      "resolved": "https://registry.npmjs.org/scheduler/-/scheduler-0.23.0.tgz",
      "integrity": "sha512-CtuThmgHNg7zIZWAXi3AsyIzA3n4xx7aNyjwC2VJldO2LMVDhFK+63xGqq6CsJH4rTAt6/M+N4GhZiDYPx9eUw==",
      "requires": {
        "loose-envify": "^1.1.0"
      }
    },
    "zod": {
      "version": "3.20.6",
      "resolved": "https://registry.npmjs.org/zod/-/zod-3.20.6.tgz",
      "integrity": "sha512-oyu0m54SGCtzh6EClBVqDDlAYRz4jrVtKwQ7ZnsEmMI9HnzuZFj8QFwAY1M5uniIYACdGvv0PBWPF2kO0aNofA=="
    }
  }
}
